
Microsoft Visual Studio Solution File, Format Version 12.00
# Visual Studio 2013
VisualStudioVersion = 12.0.21005.1
MinimumVisualStudioVersion = 10.0.40219.1
Project("{FAE04EC0-301F-11D3-BF4B-00C04F79EFBC}") = "WebAPIDemo", "WebAPIDemo\WebAPIDemo.csproj", "{D68EA121-12EA-4204-88B9-6F86F5747986}"
EndProject
Project("{FAE04EC0-301F-11D3-BF4B-00C04F79EFBC}") = "DatabaseLayer", "DBManager\DatabaseLayer.csproj", "{4FCC0311-17F7-46A8-A0FB-61384ED56E12}"
EndProject
Project("{FAE04EC0-301F-11D3-BF4B-00C04F79EFBC}") = "BusinessLayer", "BusinessLayer\BusinessLayer.csproj", "{4D2396A8-E451-4F0F-A7F2-3F26760001D8}"
EndProject
Project("{FAE04EC0-301F-11D3-BF4B-00C04F79EFBC}") = "Models", "Models\Models.csproj", "{927E050B-94DE-4907-8803-07DA01CF8679}"
EndProject
Global
	GlobalSection(SolutionConfigurationPlatforms) = preSolution
		Debug|Any CPU = Debug|Any CPU
		Release|Any CPU = Release|Any CPU
	EndGlobalSection
	GlobalSection(ProjectConfigurationPlatforms) = postSolution
		{D68EA121-12EA-4204-88B9-6F86F5747986}.Debug|Any CPU.ActiveCfg = Debug|Any CPU
		{D68EA121-12EA-4204-88B9-6F86F5747986}.Debug|Any CPU.Build.0 = Debug|Any CPU
		{D68EA121-12EA-4204-88B9-6F86F5747986}.Release|Any CPU.ActiveCfg = Release|Any CPU
		{D68EA121-12EA-4204-88B9-6F86F5747986}.Release|Any CPU.Build.0 = Release|Any CPU
		{4FCC0311-17F7-46A8-A0FB-61384ED56E12}.Debug|Any CPU.ActiveCfg = Debug|Any CPU
		{4FCC0311-17F7-46A8-A0FB-61384ED56E12}.Debug|Any CPU.Build.0 = Debug|Any CPU
		{4FCC0311-17F7-46A8-A0FB-61384ED56E12}.Release|Any CPU.ActiveCfg = Release|Any CPU
		{4FCC0311-17F7-46A8-A0FB-61384ED56E12}.Release|Any CPU.Build.0 = Release|Any CPU
		{4D2396A8-E451-4F0F-A7F2-3F26760001D8}.Debug|Any CPU.ActiveCfg = Debug|Any CPU
		{4D2396A8-E451-4F0F-A7F2-3F26760001D8}.Debug|Any CPU.Build.0 = Debug|Any CPU
		{4D2396A8-E451-4F0F-A7F2-3F26760001D8}.Release|Any CPU.ActiveCfg = Release|Any CPU
		{4D2396A8-E451-4F0F-A7F2-3F26760001D8}.Release|Any CPU.Build.0 = Release|Any CPU
		{927E050B-94DE-4907-8803-07DA01CF8679}.Debug|Any CPU.ActiveCfg = Debug|Any CPU
		{927E050B-94DE-4907-8803-07DA01CF8679}.Debug|Any CPU.Build.0 = Debug|Any CPU
		{927E050B-94DE-4907-8803-07DA01CF8679}.Release|Any CPU.ActiveCfg = Release|Any CPU
		{927E050B-94DE-4907-8803-07DA01CF8679}.Release|Any CPU.Build.0 = Release|Any CPU
	EndGlobalSection
	GlobalSection(SolutionProperties) = preSolution
		HideSolutionNode = FALSE
	EndGlobalSection
EndGlobal
